// !$*UTF8*$!
{
	archiveVersion = 1;
	classes = {
	};
	objectVersion = 77;
	objects = {

/* Begin PBXBuildFile section */
		64D466AB2CC859F5004F7BB7 /* config.json in Resources */ = {isa = PBXBuildFile; fileRef = 64D466AA2CC859F5004F7BB7 /* config.json */; };
/* End PBXBuildFile section */

/* Begin PBXContainerItemProxy section */
		6411108F2CC84FB500743D8B /* PBXContainerItemProxy */ = {
			isa = PBXContainerItemProxy;
			containerPortal = 641110762CC84FB300743D8B /* Project object */;
			proxyType = 1;
			remoteGlobalIDString = 6411107D2CC84FB300743D8B;
			remoteInfo = numbergame;
		};
		641110992CC84FB500743D8B /* PBXContainerItemProxy */ = {
			isa = PBXContainerItemProxy;
			containerPortal = 641110762CC84FB300743D8B /* Project object */;
			proxyType = 1;
			remoteGlobalIDString = 6411107D2CC84FB300743D8B;
			remoteInfo = numbergame;
		};
/* End PBXContainerItemProxy section */

/* Begin PBXFileReference section */
		6411107E2CC84FB300743D8B /* numbergame.app */ = {isa = PBXFileReference; explicitFileType = wrapper.application; includeInIndex = 0; path = numbergame.app; sourceTree = BUILT_PRODUCTS_DIR; };
		6411108E2CC84FB500743D8B /* numbergameTests.xctest */ = {isa = PBXFileReference; explicitFileType = wrapper.cfbundle; includeInIndex = 0; path = numbergameTests.xctest; sourceTree = BUILT_PRODUCTS_DIR; };
		641110982CC84FB500743D8B /* numbergameUITests.xctest */ = {isa = PBXFileReference; explicitFileType = wrapper.cfbundle; includeInIndex = 0; path = numbergameUITests.xctest; sourceTree = BUILT_PRODUCTS_DIR; };
		64D466AA2CC859F5004F7BB7 /* config.json */ = {isa = PBXFileReference; lastKnownFileType = text.json; path = config.json; sourceTree = "<group>"; };
/* End PBXFileReference section */

/* Begin PBXFileSystemSynchronizedBuildFileExceptionSet section */
		64D466AD2CC85C92004F7BB7 /* Exceptions for "numbergame" folder in "numbergame" target */ = {
			isa = PBXFileSystemSynchronizedBuildFileExceptionSet;
			membershipExceptions = (
				Info.plist,
			);
			target = 6411107D2CC84FB300743D8B /* numbergame */;
		};
/* End PBXFileSystemSynchronizedBuildFileExceptionSet section */

/* Begin PBXFileSystemSynchronizedRootGroup section */
		641110802CC84FB300743D8B /* numbergame */ = {
			isa = PBXFileSystemSynchronizedRootGroup;
			exceptions = (
				64D466AD2CC85C92004F7BB7 /* Exceptions for "numbergame" folder in "numbergame" target */,
			);
			path = numbergame;
			sourceTree = "<group>";
		};
		641110912CC84FB500743D8B /* numbergameTests */ = {
			isa = PBXFileSystemSynchronizedRootGroup;
			path = numbergameTests;
			sourceTree = "<group>";
		};
		6411109B2CC84FB500743D8B /* numbergameUITests */ = {
			isa = PBXFileSystemSynchronizedRootGroup;
			path = numbergameUITests;
			sourceTree = "<group>";
		};
/* End PBXFileSystemSynchronizedRootGroup section */

/* Begin PBXFrameworksBuildPhase section */
		6411107B2CC84FB300743D8B /* Frameworks */ = {
			isa = PBXFrameworksBuildPhase;
			buildActionMask = 2147483647;
			files = (
			);
			runOnlyForDeploymentPostprocessing = 0;
		};
		6411108B2CC84FB500743D8B /* Frameworks */ = {
			isa = PBXFrameworksBuildPhase;
			buildActionMask = 2147483647;
			files = (
			);
			runOnlyForDeploymentPostprocessing = 0;
		};
		641110952CC84FB500743D8B /* Frameworks */ = {
			isa = PBXFrameworksBuildPhase;
			buildActionMask = 2147483647;
			files = (
			);
			runOnlyForDeploymentPostprocessing = 0;
		};
/* End PBXFrameworksBuildPhase section */

/* Begin PBXGroup section */
		641110752CC84FB300743D8B = {
			isa = PBXGroup;
			children = (
				64D466AA2CC859F5004F7BB7 /* config.json */,
				641110802CC84FB300743D8B /* numbergame */,
				641110912CC84FB500743D8B /* numbergameTests */,
				6411109B2CC84FB500743D8B /* numbergameUITests */,
				6411107F2CC84FB300743D8B /* Products */,
			);
			sourceTree = "<group>";
		};
		6411107F2CC84FB300743D8B /* Products */ = {
			isa = PBXGroup;
			children = (
				6411107E2CC84FB300743D8B /* numbergame.app */,
				6411108E2CC84FB500743D8B /* numbergameTests.xctest */,
				641110982CC84FB500743D8B /* numbergameUITests.xctest */,
			);
			name = Products;
			sourceTree = "<group>";
		};
/* End PBXGroup section */

/* Begin PBXNativeTarget section */
		6411107D2CC84FB300743D8B /* numbergame */ = {
			isa = PBXNativeTarget;
			buildConfigurationList = 641110A22CC84FB500743D8B /* Build configuration list for PBXNativeTarget "numbergame" */;
			buildPhases = (
				6411107A2CC84FB300743D8B /* Sources */,
				6411107B2CC84FB300743D8B /* Frameworks */,
				6411107C2CC84FB300743D8B /* Resources */,
			);
			buildRules = (
			);
			dependencies = (
			);
			fileSystemSynchronizedGroups = (
				641110802CC84FB300743D8B /* numbergame */,
			);
			name = numbergame;
			packageProductDependencies = (
			);
			productName = numbergame;
			productReference = 6411107E2CC84FB300743D8B /* numbergame.app */;
			productType = "com.apple.product-type.application";
		};
		6411108D2CC84FB500743D8B /* numbergameTests */ = {
			isa = PBXNativeTarget;
			buildConfigurationList = 641110A52CC84FB500743D8B /* Build configuration list for PBXNativeTarget "numbergameTests" */;
			buildPhases = (
				6411108A2CC84FB500743D8B /* Sources */,
				6411108B2CC84FB500743D8B /* Frameworks */,
				6411108C2CC84FB500743D8B /* Resources */,
			);
			buildRules = (
			);
			dependencies = (
				641110902CC84FB500743D8B /* PBXTargetDependency */,
			);
			fileSystemSynchronizedGroups = (
				641110912CC84FB500743D8B /* numbergameTests */,
			);
			name = numbergameTests;
			packageProductDependencies = (
			);
			productName = numbergameTests;
			productReference = 6411108E2CC84FB500743D8B /* numbergameTests.xctest */;
			productType = "com.apple.product-type.bundle.unit-test";
		};
		641110972CC84FB500743D8B /* numbergameUITests */ = {
			isa = PBXNativeTarget;
			buildConfigurationList = 641110A82CC84FB500743D8B /* Build configuration list for PBXNativeTarget "numbergameUITests" */;
			buildPhases = (
				641110942CC84FB500743D8B /* Sources */,
				641110952CC84FB500743D8B /* Frameworks */,
				641110962CC84FB500743D8B /* Resources */,
			);
			buildRules = (
			);
			dependencies = (
				6411109A2CC84FB500743D8B /* PBXTargetDependency */,
			);
			fileSystemSynchronizedGroups = (
				6411109B2CC84FB500743D8B /* numbergameUITests */,
			);
			name = numbergameUITests;
			packageProductDependencies = (
			);
			productName = numbergameUITests;
			productReference = 641110982CC84FB500743D8B /* numbergameUITests.xctest */;
			productType = "com.apple.product-type.bundle.ui-testing";
		};
/* End PBXNativeTarget section */

/* Begin PBXProject section */
		641110762CC84FB300743D8B /* Project object */ = {
			isa = PBXProject;
			attributes = {
				BuildIndependentTargetsInParallel = 1;
				LastSwiftUpdateCheck = 1600;
				LastUpgradeCheck = 1600;
				TargetAttributes = {
					6411107D2CC84FB300743D8B = {
						CreatedOnToolsVersion = 16.0;
					};
					6411108D2CC84FB500743D8B = {
						CreatedOnToolsVersion = 16.0;
						TestTargetID = 6411107D2CC84FB300743D8B;
					};
					641110972CC84FB500743D8B = {
						CreatedOnToolsVersion = 16.0;
						TestTargetID = 6411107D2CC84FB300743D8B;
					};
				};
			};
			buildConfigurationList = 641110792CC84FB300743D8B /* Build configuration list for PBXProject "numbergame" */;
			developmentRegion = en;
			hasScannedForEncodings = 0;
			knownRegions = (
				en,
				Base,
			);
			mainGroup = 641110752CC84FB300743D8B;
			minimizedProjectReferenceProxies = 1;
			preferredProjectObjectVersion = 77;
			productRefGroup = 6411107F2CC84FB300743D8B /* Products */;
			projectDirPath = "";
			projectRoot = "";
			targets = (
				6411107D2CC84FB300743D8B /* numbergame */,
				6411108D2CC84FB500743D8B /* numbergameTests */,
				641110972CC84FB500743D8B /* numbergameUITests */,
			);
		};
/* End PBXProject section */

/* Begin PBXResourcesBuildPhase section */
		6411107C2CC84FB300743D8B /* Resources */ = {
			isa = PBXResourcesBuildPhase;
			buildActionMask = 2147483647;
			files = (
				64D466AB2CC859F5004F7BB7 /* config.json in Resources */,
			);
			runOnlyForDeploymentPostprocessing = 0;
		};
		6411108C2CC84FB500743D8B /* Resources */ = {
			isa = PBXResourcesBuildPhase;
			buildActionMask = 2147483647;
			files = (
			);
			runOnlyForDeploymentPostprocessing = 0;
		};
		641110962CC84FB500743D8B /* Resources */ = {
			isa = PBXResourcesBuildPhase;
			buildActionMask = 2147483647;
			files = (
			);
			runOnlyForDeploymentPostprocessing = 0;
		};
/* End PBXResourcesBuildPhase section */

/* Begin PBXSourcesBuildPhase section */
		6411107A2CC84FB300743D8B /* Sources */ = {
			isa = PBXSourcesBuildPhase;
			buildActionMask = 2147483647;
			files = (
			);
			runOnlyForDeploymentPostprocessing = 0;
		};
		6411108A2CC84FB500743D8B /* Sources */ = {
			isa = PBXSourcesBuildPhase;
			buildActionMask = 2147483647;
			files = (
			);
			runOnlyForDeploymentPostprocessing = 0;
		};
		641110942CC84FB500743D8B /* Sources */ = {
			isa = PBXSourcesBuildPhase;
			buildActionMask = 2147483647;
			files = (
			);
			runOnlyForDeploymentPostprocessing = 0;
		};
/* End PBXSourcesBuildPhase section */

/* Begin PBXTargetDependency section */
		641110902CC84FB500743D8B /* PBXTargetDependency */ = {
			isa = PBXTargetDependency;
			target = 6411107D2CC84FB300743D8B /* numbergame */;
			targetProxy = 6411108F2CC84FB500743D8B /* PBXContainerItemProxy */;
		};
		6411109A2CC84FB500743D8B /* PBXTargetDependency */ = {
			isa = PBXTargetDependency;
			target = 6411107D2CC84FB300743D8B /* numbergame */;
			targetProxy = 641110992CC84FB500743D8B /* PBXContainerItemProxy */;
		};
/* End PBXTargetDependency section */

/* Begin XCBuildConfiguration section */
		641110A02CC84FB500743D8B /* Debug */ = {
			isa = XCBuildConfiguration;
			buildSettings = {
				ALWAYS_SEARCH_USER_PATHS = NO;
				ASSETCATALOG_COMPILER_GENERATE_SWIFT_ASSET_SYMBOL_EXTENSIONS = YES;
				CLANG_ANALYZER_NONNULL = YES;
				CLANG_ANALYZER_NUMBER_OBJECT_CONVERSION = YES_AGGRESSIVE;
				CLANG_CXX_LANGUAGE_STANDARD = "gnu++20";
				CLANG_ENABLE_MODULES = YES;
				CLANG_ENABLE_OBJC_ARC = YES;
				CLANG_ENABLE_OBJC_WEAK = YES;
				CLANG_WARN_BLOCK_CAPTURE_AUTORELEASING = YES;
				CLANG_WARN_BOOL_CONVERSION = YES;
				CLANG_WARN_COMMA = YES;
				CLANG_WARN_CONSTANT_CONVERSION = YES;
				CLANG_WARN_DEPRECATED_OBJC_IMPLEMENTATIONS = YES;
				CLANG_WARN_DIRECT_OBJC_ISA_USAGE = YES_ERROR;
				CLANG_WARN_DOCUMENTATION_COMMENTS = YES;
				CLANG_WARN_EMPTY_BODY = YES;
				CLANG_WARN_ENUM_CONVERSION = YES;
				CLANG_WARN_INFINITE_RECURSION = YES;
				CLANG_WARN_INT_CONVERSION = YES;
				CLANG_WARN_NON_LITERAL_NULL_CONVERSION = YES;
				CLANG_WARN_OBJC_IMPLICIT_RETAIN_SELF = YES;
				CLANG_WARN_OBJC_LITERAL_CONVERSION = YES;
				CLANG_WARN_OBJC_ROOT_CLASS = YES_ERROR;
				CLANG_WARN_QUOTED_INCLUDE_IN_FRAMEWORK_HEADER = YES;
				CLANG_WARN_RANGE_LOOP_ANALYSIS = YES;
				CLANG_WARN_STRICT_PROTOTYPES = YES;
				CLANG_WARN_SUSPICIOUS_MOVE = YES;
				CLANG_WARN_UNGUARDED_AVAILABILITY = YES_AGGRESSIVE;
				CLANG_WARN_UNREACHABLE_CODE = YES;
				CLANG_WARN__DUPLICATE_METHOD_MATCH = YES;
				COPY_PHASE_STRIP = NO;
				DEBUG_INFORMATION_FORMAT = dwarf;
				ENABLE_STRICT_OBJC_MSGSEND = YES;
				ENABLE_TESTABILITY = YES;
				ENABLE_USER_SCRIPT_SANDBOXING = YES;
				GCC_C_LANGUAGE_STANDARD = gnu17;
				GCC_DYNAMIC_NO_PIC = NO;
				GCC_NO_COMMON_BLOCKS = YES;
				GCC_OPTIMIZATION_LEVEL = 0;
				GCC_PREPROCESSOR_DEFINITIONS = (
					"DEBUG=1",
					"$(inherited)",
				);
				GCC_WARN_64_TO_32_BIT_CONVERSION = YES;
				GCC_WARN_ABOUT_RETURN_TYPE = YES_ERROR;
				GCC_WARN_UNDECLARED_SELECTOR = YES;
				GCC_WARN_UNINITIALIZED_AUTOS = YES_AGGRESSIVE;
				GCC_WARN_UNUSED_FUNCTION = YES;
				GCC_WARN_UNUSED_VARIABLE = YES;
				IPHONEOS_DEPLOYMENT_TARGET = 18.0;
				LOCALIZATION_PREFERS_STRING_CATALOGS = YES;
				MTL_ENABLE_DEBUG_INFO = INCLUDE_SOURCE;
				MTL_FAST_MATH = YES;
				ONLY_ACTIVE_ARCH = YES;
				SDKROOT = iphoneos;
				SWIFT_ACTIVE_COMPILATION_CONDITIONS = "DEBUG $(inherited)";
				SWIFT_OPTIMIZATION_LEVEL = "-Onone";
			};
			name = Debug;
		};
		641110A12CC84FB500743D8B /* Release */ = {
			isa = XCBuildConfiguration;
			buildSettings = {
				ALWAYS_SEARCH_USER_PATHS = NO;
				ASSETCATALOG_COMPILER_GENERATE_SWIFT_ASSET_SYMBOL_EXTENSIONS = YES;
				CLANG_ANALYZER_NONNULL = YES;
				CLANG_ANALYZER_NUMBER_OBJECT_CONVERSION = YES_AGGRESSIVE;
				CLANG_CXX_LANGUAGE_STANDARD = "gnu++20";
				CLANG_ENABLE_MODULES = YES;
				CLANG_ENABLE_OBJC_ARC = YES;
				CLANG_ENABLE_OBJC_WEAK = YES;
				CLANG_WARN_BLOCK_CAPTURE_AUTORELEASING = YES;
				CLANG_WARN_BOOL_CONVERSION = YES;
				CLANG_WARN_COMMA = YES;
				CLANG_WARN_CONSTANT_CONVERSION = YES;
				CLANG_WARN_DEPRECATED_OBJC_IMPLEMENTATIONS = YES;
				CLANG_WARN_DIRECT_OBJC_ISA_USAGE = YES_ERROR;
				CLANG_WARN_DOCUMENTATION_COMMENTS = YES;
				CLANG_WARN_EMPTY_BODY = YES;
				CLANG_WARN_ENUM_CONVERSION = YES;
				CLANG_WARN_INFINITE_RECURSION = YES;
				CLANG_WARN_INT_CONVERSION = YES;
				CLANG_WARN_NON_LITERAL_NULL_CONVERSION = YES;
				CLANG_WARN_OBJC_IMPLICIT_RETAIN_SELF = YES;
				CLANG_WARN_OBJC_LITERAL_CONVERSION = YES;
				CLANG_WARN_OBJC_ROOT_CLASS = YES_ERROR;
				CLANG_WARN_QUOTED_INCLUDE_IN_FRAMEWORK_HEADER = YES;
				CLANG_WARN_RANGE_LOOP_ANALYSIS = YES;
				CLANG_WARN_STRICT_PROTOTYPES = YES;
				CLANG_WARN_SUSPICIOUS_MOVE = YES;
				CLANG_WARN_UNGUARDED_AVAILABILITY = YES_AGGRESSIVE;
				CLANG_WARN_UNREACHABLE_CODE = YES;
				CLANG_WARN__DUPLICATE_METHOD_MATCH = YES;
				COPY_PHASE_STRIP = NO;
				DEBUG_INFORMATION_FORMAT = "dwarf-with-dsym";
				ENABLE_NS_ASSERTIONS = NO;
				ENABLE_STRICT_OBJC_MSGSEND = YES;
				ENABLE_USER_SCRIPT_SANDBOXING = YES;
				GCC_C_LANGUAGE_STANDARD = gnu17;
				GCC_NO_COMMON_BLOCKS = YES;
				GCC_WARN_64_TO_32_BIT_CONVERSION = YES;
				GCC_WARN_ABOUT_RETURN_TYPE = YES_ERROR;
				GCC_WARN_UNDECLARED_SELECTOR = YES;
				GCC_WARN_UNINITIALIZED_AUTOS = YES_AGGRESSIVE;
				GCC_WARN_UNUSED_FUNCTION = YES;
				GCC_WARN_UNUSED_VARIABLE = YES;
				IPHONEOS_DEPLOYMENT_TARGET = 18.0;
				LOCALIZATION_PREFERS_STRING_CATALOGS = YES;
				MTL_ENABLE_DEBUG_INFO = NO;
				MTL_FAST_MATH = YES;
				SDKROOT = iphoneos;
				SWIFT_COMPILATION_MODE = wholemodule;
				VALIDATE_PRODUCT = YES;
			};
			name = Release;
		};
		641110A32CC84FB500743D8B /* Debug */ = {
			isa = XCBuildConfiguration;
			buildSettings = {
				ASSETCATALOG_COMPILER_APPICON_NAME = AppIcon;
				ASSETCATALOG_COMPILER_GLOBAL_ACCENT_COLOR_NAME = AccentColor;
				CODE_SIGN_STYLE = Automatic;
				CURRENT_PROJECT_VERSION = 1;
				DEVELOPMENT_ASSET_PATHS = "\"numbergame/Preview Content\"";
				DEVELOPMENT_TEAM = PX2CMWRQJ3;
				ENABLE_PREVIEWS = YES;
				GENERATE_INFOPLIST_FILE = YES;
				INFOPLIST_FILE = numbergame/Info.plist;
				INFOPLIST_KEY_UIApplicationSceneManifest_Generation = YES;
				INFOPLIST_KEY_UIApplicationSupportsIndirectInputEvents = YES;
				INFOPLIST_KEY_UISupportedInterfaceOrientations_iPad = "UIInterfaceOrientationPortrait UIInterfaceOrientationPortraitUpsideDown UIInterfaceOrientationLandscapeLeft UIInterfaceOrientationLandscapeRight";
				INFOPLIST_KEY_UISupportedInterfaceOrientations_iPhone = "UIInterfaceOrientationPortrait UIInterfaceOrientationLandscapeLeft UIInterfaceOrientationLandscapeRight";
				LD_RUNPATH_SEARCH_PATHS = (
					"$(inherited)",
					"@executable_path/Frameworks",
				);
				MARKETING_VERSION = 1.0;
				PRODUCT_BUNDLE_IDENTIFIER = danilchernov.numbergame;
				PRODUCT_NAME = "$(TARGET_NAME)";
				SWIFT_EMIT_LOC_STRINGS = YES;
				SWIFT_VERSION = 5.0;
				TARGETED_DEVICE_FAMILY = "1,2";
			};
			name = Debug;
		};
		641110A42CC84FB500743D8B /* Release */ = {
			isa = XCBuildConfiguration;
			buildSettings = {
				ASSETCATALOG_COMPILER_APPICON_NAME = AppIcon;
				ASSETCATALOG_COMPILER_GLOBAL_ACCENT_COLOR_NAME = AccentColor;
				CODE_SIGN_STYLE = Automatic;
				CURRENT_PROJECT_VERSION = 1;
				DEVELOPMENT_ASSET_PATHS = "\"numbergame/Preview Content\"";
				DEVELOPMENT_TEAM = PX2CMWRQJ3;
				ENABLE_PREVIEWS = YES;
				GENERATE_INFOPLIST_FILE = YES;
				INFOPLIST_FILE = numbergame/Info.plist;
				INFOPLIST_KEY_UIApplicationSceneManifest_Generation = YES;
				INFOPLIST_KEY_UIApplicationSupportsIndirectInputEvents = YES;
				INFOPLIST_KEY_UISupportedInterfaceOrientations_iPad = "UIInterfaceOrientationPortrait UIInterfaceOrientationPortraitUpsideDown UIInterfaceOrientationLandscapeLeft UIInterfaceOrientationLandscapeRight";
				INFOPLIST_KEY_UISupportedInterfaceOrientations_iPhone = "UIInterfaceOrientationPortrait UIInterfaceOrientationLandscapeLeft UIInterfaceOrientationLandscapeRight";
				LD_RUNPATH_SEARCH_PATHS = (
					"$(inherited)",
					"@executable_path/Frameworks",
				);
				MARKETING_VERSION = 1.0;
				PRODUCT_BUNDLE_IDENTIFIER = danilchernov.numbergame;
				PRODUCT_NAME = "$(TARGET_NAME)";
				SWIFT_EMIT_LOC_STRINGS = YES;
				SWIFT_VERSION = 5.0;
				TARGETED_DEVICE_FAMILY = "1,2";
			};
			name = Release;
		};
		641110A62CC84FB500743D8B /* Debug */ = {
			isa = XCBuildConfiguration;
			buildSettings = {
				BUNDLE_LOADER = "$(TEST_HOST)";
				CODE_SIGN_STYLE = Automatic;
				CURRENT_PROJECT_VERSION = 1;
				DEVELOPMENT_TEAM = PX2CMWRQJ3;
				GENERATE_INFOPLIST_FILE = YES;
				IPHONEOS_DEPLOYMENT_TARGET = 18.0;
				MARKETING_VERSION = 1.0;
				PRODUCT_BUNDLE_IDENTIFIER = danilchernov.numbergameTests;
				PRODUCT_NAME = "$(TARGET_NAME)";
				SWIFT_EMIT_LOC_STRINGS = NO;
				SWIFT_VERSION = 5.0;
				TARGETED_DEVICE_FAMILY = "1,2";
				TEST_HOST = "$(BUILT_PRODUCTS_DIR)/numbergame.app/$(BUNDLE_EXECUTABLE_FOLDER_PATH)/numbergame";
			};
			name = Debug;
		};
		641110A72CC84FB500743D8B /* Release */ = {
			isa = XCBuildConfiguration;
			buildSettings = {
				BUNDLE_LOADER = "$(TEST_HOST)";
				CODE_SIGN_STYLE = Automatic;
				CURRENT_PROJECT_VERSION = 1;
				DEVELOPMENT_TEAM = PX2CMWRQJ3;
				GENERATE_INFOPLIST_FILE = YES;
				IPHONEOS_DEPLOYMENT_TARGET = 18.0;
				MARKETING_VERSION = 1.0;
				PRODUCT_BUNDLE_IDENTIFIER = danilchernov.numbergameTests;
				PRODUCT_NAME = "$(TARGET_NAME)";
				SWIFT_EMIT_LOC_STRINGS = NO;
				SWIFT_VERSION = 5.0;
				TARGETED_DEVICE_FAMILY = "1,2";
				TEST_HOST = "$(BUILT_PRODUCTS_DIR)/numbergame.app/$(BUNDLE_EXECUTABLE_FOLDER_PATH)/numbergame";
			};
			name = Release;
		};
		641110A92CC84FB500743D8B /* Debug */ = {
			isa = XCBuildConfiguration;
			buildSettings = {
				CODE_SIGN_STYLE = Automatic;
				CURRENT_PROJECT_VERSION = 1;
				DEVELOPMENT_TEAM = PX2CMWRQJ3;
				GENERATE_INFOPLIST_FILE = YES;
				MARKETING_VERSION = 1.0;
				PRODUCT_BUNDLE_IDENTIFIER = danilchernov.numbergameUITests;
				PRODUCT_NAME = "$(TARGET_NAME)";
				SWIFT_EMIT_LOC_STRINGS = NO;
				SWIFT_VERSION = 5.0;
				TARGETED_DEVICE_FAMILY = "1,2";
				TEST_TARGET_NAME = numbergame;
			};
			name = Debug;
		};
		641110AA2CC84FB500743D8B /* Release */ = {
			isa = XCBuildConfiguration;
			buildSettings = {
				CODE_SIGN_STYLE = Automatic;
				CURRENT_PROJECT_VERSION = 1;
				DEVELOPMENT_TEAM = PX2CMWRQJ3;
				GENERATE_INFOPLIST_FILE = YES;
				MARKETING_VERSION = 1.0;
				PRODUCT_BUNDLE_IDENTIFIER = danilchernov.numbergameUITests;
				PRODUCT_NAME = "$(TARGET_NAME)";
				SWIFT_EMIT_LOC_STRINGS = NO;
				SWIFT_VERSION = 5.0;
				TARGETED_DEVICE_FAMILY = "1,2";
				TEST_TARGET_NAME = numbergame;
			};
			name = Release;
		};
/* End XCBuildConfiguration section */

/* Begin XCConfigurationList section */
		641110792CC84FB300743D8B /* Build configuration list for PBXProject "numbergame" */ = {
			isa = XCConfigurationList;
			buildConfigurations = (
				641110A02CC84FB500743D8B /* Debug */,
				641110A12CC84FB500743D8B /* Release */,
			);
			defaultConfigurationIsVisible = 0;
			defaultConfigurationName = Release;
		};
		641110A22CC84FB500743D8B /* Build configuration list for PBXNativeTarget "numbergame" */ = {
			isa = XCConfigurationList;
			buildConfigurations = (
				641110A32CC84FB500743D8B /* Debug */,
				641110A42CC84FB500743D8B /* Release */,
			);
			defaultConfigurationIsVisible = 0;
			defaultConfigurationName = Release;
		};
		641110A52CC84FB500743D8B /* Build configuration list for PBXNativeTarget "numbergameTests" */ = {
			isa = XCConfigurationList;
			buildConfigurations = (
				641110A62CC84FB500743D8B /* Debug */,
				641110A72CC84FB500743D8B /* Release */,
			);
			defaultConfigurationIsVisible = 0;
			defaultConfigurationName = Release;
		};
		641110A82CC84FB500743D8B /* Build configuration list for PBXNativeTarget "numbergameUITests" */ = {
			isa = XCConfigurationList;
			buildConfigurations = (
				641110A92CC84FB500743D8B /* Debug */,
				641110AA2CC84FB500743D8B /* Release */,
			);
			defaultConfigurationIsVisible = 0;
			defaultConfigurationName = Release;
		};
/* End XCConfigurationList section */
	};
	rootObject = 641110762CC84FB300743D8B /* Project object */;
}
